
Microsoft Visual Studio Solution File, Format Version 12.00
# Visual Studio Version 16
VisualStudioVersion = 25.0.1706.8
MinimumVisualStudioVersion = 10.0.40219.1
Project("{FAE04EC0-301F-11D3-BF4B-00C04F79EFBC}") = "RecipeBook", "RecipeBook\RecipeBook.csproj", "{8603A67B-9FDF-4FF0-A3CD-51F76DB9C65C}"
EndProject
Global
	GlobalSection(SolutionConfigurationPlatforms) = preSolution
		Debug|Any CPU = Debug|Any CPU
		Release|Any CPU = Release|Any CPU
	EndGlobalSection
	GlobalSection(ProjectConfigurationPlatforms) = postSolution
		{8603A67B-9FDF-4FF0-A3CD-51F76DB9C65C}.Debug|Any CPU.ActiveCfg = Debug|Any CPU
		{8603A67B-9FDF-4FF0-A3CD-51F76DB9C65C}.Debug|Any CPU.Build.0 = Debug|Any CPU
		{8603A67B-9FDF-4FF0-A3CD-51F76DB9C65C}.Release|Any CPU.ActiveCfg = Release|Any CPU
		{8603A67B-9FDF-4FF0-A3CD-51F76DB9C65C}.Release|Any CPU.Build.0 = Release|Any CPU
	EndGlobalSection
	GlobalSection(SolutionProperties) = preSolution
		HideSolutionNode = FALSE
	EndGlobalSection
	GlobalSection(ExtensibilityGlobals) = postSolution
		SolutionGuid = {42DA926B-02ED-44CE-B757-BF17C36EFF8D}
	EndGlobalSection
EndGlobal
